
Microsoft Visual Studio Solution File, Format Version 12.00
# Visual Studio 15
VisualStudioVersion = 15.0.28010.2041
MinimumVisualStudioVersion = 10.0.40219.1
Project("{9A19103F-16F7-4668-BE54-9A1E7A4F7556}") = "Fluxamarin", "Fluxamarin\Fluxamarin.csproj", "{F34463B2-0249-483B-A4BE-6E9D1EB41531}"
EndProject
Project("{FAE04EC0-301F-11D3-BF4B-00C04F79EFBC}") = "Example.Android", "Example\Example.Android\Example.Android.csproj", "{50CA66ED-A32A-4E9B-B1B0-F8D4850F7C4B}"
EndProject
Project("{FAE04EC0-301F-11D3-BF4B-00C04F79EFBC}") = "Example.iOS", "Example\Example.iOS\Example.iOS.csproj", "{D054323A-B5BE-470B-8375-A14058318D03}"
EndProject
Project("{FAE04EC0-301F-11D3-BF4B-00C04F79EFBC}") = "Example.UWP", "Example\Example.UWP\Example.UWP.csproj", "{CF1C6E99-82A2-4DBF-BCA5-C8DA2695E819}"
EndProject
Project("{FAE04EC0-301F-11D3-BF4B-00C04F79EFBC}") = "Example", "Example\Example\Example.csproj", "{1E03A825-231C-4D90-9E3D-F1E19AD06594}"
EndProject
Global
	GlobalSection(SolutionConfigurationPlatforms) = preSolution
		Ad-Hoc|Any CPU = Ad-Hoc|Any CPU
		Ad-Hoc|ARM = Ad-Hoc|ARM
		Ad-Hoc|iPhone = Ad-Hoc|iPhone
		Ad-Hoc|iPhoneSimulator = Ad-Hoc|iPhoneSimulator
		Ad-Hoc|x64 = Ad-Hoc|x64
		Ad-Hoc|x86 = Ad-Hoc|x86
		AppStore|Any CPU = AppStore|Any CPU
		AppStore|ARM = AppStore|ARM
		AppStore|iPhone = AppStore|iPhone
		AppStore|iPhoneSimulator = AppStore|iPhoneSimulator
		AppStore|x64 = AppStore|x64
		AppStore|x86 = AppStore|x86
		Debug|Any CPU = Debug|Any CPU
		Debug|ARM = Debug|ARM
		Debug|iPhone = Debug|iPhone
		Debug|iPhoneSimulator = Debug|iPhoneSimulator
		Debug|x64 = Debug|x64
		Debug|x86 = Debug|x86
		Release|Any CPU = Release|Any CPU
		Release|ARM = Release|ARM
		Release|iPhone = Release|iPhone
		Release|iPhoneSimulator = Release|iPhoneSimulator
		Release|x64 = Release|x64
		Release|x86 = Release|x86
	EndGlobalSection
	GlobalSection(ProjectConfigurationPlatforms) = postSolution
		{F34463B2-0249-483B-A4BE-6E9D1EB41531}.Ad-Hoc|Any CPU.ActiveCfg = Release|Any CPU
		{F34463B2-0249-483B-A4BE-6E9D1EB41531}.Ad-Hoc|Any CPU.Build.0 = Release|Any CPU
		{F34463B2-0249-483B-A4BE-6E9D1EB41531}.Ad-Hoc|ARM.ActiveCfg = Release|Any CPU
		{F34463B2-0249-483B-A4BE-6E9D1EB41531}.Ad-Hoc|ARM.Build.0 = Release|Any CPU
		{F34463B2-0249-483B-A4BE-6E9D1EB41531}.Ad-Hoc|iPhone.ActiveCfg = Release|Any CPU
		{F34463B2-0249-483B-A4BE-6E9D1EB41531}.Ad-Hoc|iPhone.Build.0 = Release|Any CPU
		{F34463B2-0249-483B-A4BE-6E9D1EB41531}.Ad-Hoc|iPhoneSimulator.ActiveCfg = Release|Any CPU
		{F34463B2-0249-483B-A4BE-6E9D1EB41531}.Ad-Hoc|iPhoneSimulator.Build.0 = Release|Any CPU
		{F34463B2-0249-483B-A4BE-6E9D1EB41531}.Ad-Hoc|x64.ActiveCfg = Release|Any CPU
		{F34463B2-0249-483B-A4BE-6E9D1EB41531}.Ad-Hoc|x64.Build.0 = Release|Any CPU
		{F34463B2-0249-483B-A4BE-6E9D1EB41531}.Ad-Hoc|x86.ActiveCfg = Release|Any CPU
		{F34463B2-0249-483B-A4BE-6E9D1EB41531}.Ad-Hoc|x86.Build.0 = Release|Any CPU
		{F34463B2-0249-483B-A4BE-6E9D1EB41531}.AppStore|Any CPU.ActiveCfg = Release|Any CPU
		{F34463B2-0249-483B-A4BE-6E9D1EB41531}.AppStore|Any CPU.Build.0 = Release|Any CPU
		{F34463B2-0249-483B-A4BE-6E9D1EB41531}.AppStore|ARM.ActiveCfg = Release|Any CPU
		{F34463B2-0249-483B-A4BE-6E9D1EB41531}.AppStore|ARM.Build.0 = Release|Any CPU
		{F34463B2-0249-483B-A4BE-6E9D1EB41531}.AppStore|iPhone.ActiveCfg = Release|Any CPU
		{F34463B2-0249-483B-A4BE-6E9D1EB41531}.AppStore|iPhone.Build.0 = Release|Any CPU
		{F34463B2-0249-483B-A4BE-6E9D1EB41531}.AppStore|iPhoneSimulator.ActiveCfg = Release|Any CPU
		{F34463B2-0249-483B-A4BE-6E9D1EB41531}.AppStore|iPhoneSimulator.Build.0 = Release|Any CPU
		{F34463B2-0249-483B-A4BE-6E9D1EB41531}.AppStore|x64.ActiveCfg = Release|Any CPU
		{F34463B2-0249-483B-A4BE-6E9D1EB41531}.AppStore|x64.Build.0 = Release|Any CPU
		{F34463B2-0249-483B-A4BE-6E9D1EB41531}.AppStore|x86.ActiveCfg = Release|Any CPU
		{F34463B2-0249-483B-A4BE-6E9D1EB41531}.AppStore|x86.Build.0 = Release|Any CPU
		{F34463B2-0249-483B-A4BE-6E9D1EB41531}.Debug|Any CPU.ActiveCfg = Debug|Any CPU
		{F34463B2-0249-483B-A4BE-6E9D1EB41531}.Debug|Any CPU.Build.0 = Debug|Any CPU
		{F34463B2-0249-483B-A4BE-6E9D1EB41531}.Debug|ARM.ActiveCfg = Debug|Any CPU
		{F34463B2-0249-483B-A4BE-6E9D1EB41531}.Debug|ARM.Build.0 = Debug|Any CPU
		{F34463B2-0249-483B-A4BE-6E9D1EB41531}.Debug|iPhone.ActiveCfg = Debug|Any CPU
		{F34463B2-0249-483B-A4BE-6E9D1EB41531}.Debug|iPhone.Build.0 = Debug|Any CPU
		{F34463B2-0249-483B-A4BE-6E9D1EB41531}.Debug|iPhoneSimulator.ActiveCfg = Debug|Any CPU
		{F34463B2-0249-483B-A4BE-6E9D1EB41531}.Debug|iPhoneSimulator.Build.0 = Debug|Any CPU
		{F34463B2-0249-483B-A4BE-6E9D1EB41531}.Debug|x64.ActiveCfg = Debug|Any CPU
		{F34463B2-0249-483B-A4BE-6E9D1EB41531}.Debug|x64.Build.0 = Debug|Any CPU
		{F34463B2-0249-483B-A4BE-6E9D1EB41531}.Debug|x86.ActiveCfg = Debug|Any CPU
		{F34463B2-0249-483B-A4BE-6E9D1EB41531}.Debug|x86.Build.0 = Debug|Any CPU
		{F34463B2-0249-483B-A4BE-6E9D1EB41531}.Release|Any CPU.ActiveCfg = Release|Any CPU
		{F34463B2-0249-483B-A4BE-6E9D1EB41531}.Release|Any CPU.Build.0 = Release|Any CPU
		{F34463B2-0249-483B-A4BE-6E9D1EB41531}.Release|ARM.ActiveCfg = Release|Any CPU
		{F34463B2-0249-483B-A4BE-6E9D1EB41531}.Release|ARM.Build.0 = Release|Any CPU
		{F34463B2-0249-483B-A4BE-6E9D1EB41531}.Release|iPhone.ActiveCfg = Release|Any CPU
		{F34463B2-0249-483B-A4BE-6E9D1EB41531}.Release|iPhone.Build.0 = Release|Any CPU
		{F34463B2-0249-483B-A4BE-6E9D1EB41531}.Release|iPhoneSimulator.ActiveCfg = Release|Any CPU
		{F34463B2-0249-483B-A4BE-6E9D1EB41531}.Release|iPhoneSimulator.Build.0 = Release|Any CPU
		{F34463B2-0249-483B-A4BE-6E9D1EB41531}.Release|x64.ActiveCfg = Release|Any CPU
		{F34463B2-0249-483B-A4BE-6E9D1EB41531}.Release|x64.Build.0 = Release|Any CPU
		{F34463B2-0249-483B-A4BE-6E9D1EB41531}.Release|x86.ActiveCfg = Release|Any CPU
		{F34463B2-0249-483B-A4BE-6E9D1EB41531}.Release|x86.Build.0 = Release|Any CPU
		{50CA66ED-A32A-4E9B-B1B0-F8D4850F7C4B}.Ad-Hoc|Any CPU.ActiveCfg = Release|Any CPU
		{50CA66ED-A32A-4E9B-B1B0-F8D4850F7C4B}.Ad-Hoc|Any CPU.Build.0 = Release|Any CPU
		{50CA66ED-A32A-4E9B-B1B0-F8D4850F7C4B}.Ad-Hoc|Any CPU.Deploy.0 = Release|Any CPU
		{50CA66ED-A32A-4E9B-B1B0-F8D4850F7C4B}.Ad-Hoc|ARM.ActiveCfg = Release|Any CPU
		{50CA66ED-A32A-4E9B-B1B0-F8D4850F7C4B}.Ad-Hoc|ARM.Build.0 = Release|Any CPU
		{50CA66ED-A32A-4E9B-B1B0-F8D4850F7C4B}.Ad-Hoc|ARM.Deploy.0 = Release|Any CPU
		{50CA66ED-A32A-4E9B-B1B0-F8D4850F7C4B}.Ad-Hoc|iPhone.ActiveCfg = Release|Any CPU
		{50CA66ED-A32A-4E9B-B1B0-F8D4850F7C4B}.Ad-Hoc|iPhone.Build.0 = Release|Any CPU
		{50CA66ED-A32A-4E9B-B1B0-F8D4850F7C4B}.Ad-Hoc|iPhone.Deploy.0 = Release|Any CPU
		{50CA66ED-A32A-4E9B-B1B0-F8D4850F7C4B}.Ad-Hoc|iPhoneSimulator.ActiveCfg = Release|Any CPU
		{50CA66ED-A32A-4E9B-B1B0-F8D4850F7C4B}.Ad-Hoc|iPhoneSimulator.Build.0 = Release|Any CPU
		{50CA66ED-A32A-4E9B-B1B0-F8D4850F7C4B}.Ad-Hoc|iPhoneSimulator.Deploy.0 = Release|Any CPU
		{50CA66ED-A32A-4E9B-B1B0-F8D4850F7C4B}.Ad-Hoc|x64.ActiveCfg = Release|Any CPU
		{50CA66ED-A32A-4E9B-B1B0-F8D4850F7C4B}.Ad-Hoc|x64.Build.0 = Release|Any CPU
		{50CA66ED-A32A-4E9B-B1B0-F8D4850F7C4B}.Ad-Hoc|x64.Deploy.0 = Release|Any CPU
		{50CA66ED-A32A-4E9B-B1B0-F8D4850F7C4B}.Ad-Hoc|x86.ActiveCfg = Release|Any CPU
		{50CA66ED-A32A-4E9B-B1B0-F8D4850F7C4B}.Ad-Hoc|x86.Build.0 = Release|Any CPU
		{50CA66ED-A32A-4E9B-B1B0-F8D4850F7C4B}.Ad-Hoc|x86.Deploy.0 = Release|Any CPU
		{50CA66ED-A32A-4E9B-B1B0-F8D4850F7C4B}.AppStore|Any CPU.ActiveCfg = Release|Any CPU
		{50CA66ED-A32A-4E9B-B1B0-F8D4850F7C4B}.AppStore|Any CPU.Build.0 = Release|Any CPU
		{50CA66ED-A32A-4E9B-B1B0-F8D4850F7C4B}.AppStore|Any CPU.Deploy.0 = Release|Any CPU
		{50CA66ED-A32A-4E9B-B1B0-F8D4850F7C4B}.AppStore|ARM.ActiveCfg = Release|Any CPU
		{50CA66ED-A32A-4E9B-B1B0-F8D4850F7C4B}.AppStore|ARM.Build.0 = Release|Any CPU
		{50CA66ED-A32A-4E9B-B1B0-F8D4850F7C4B}.AppStore|ARM.Deploy.0 = Release|Any CPU
		{50CA66ED-A32A-4E9B-B1B0-F8D4850F7C4B}.AppStore|iPhone.ActiveCfg = Release|Any CPU
		{50CA66ED-A32A-4E9B-B1B0-F8D4850F7C4B}.AppStore|iPhone.Build.0 = Release|Any CPU
		{50CA66ED-A32A-4E9B-B1B0-F8D4850F7C4B}.AppStore|iPhone.Deploy.0 = Release|Any CPU
		{50CA66ED-A32A-4E9B-B1B0-F8D4850F7C4B}.AppStore|iPhoneSimulator.ActiveCfg = Release|Any CPU
		{50CA66ED-A32A-4E9B-B1B0-F8D4850F7C4B}.AppStore|iPhoneSimulator.Build.0 = Release|Any CPU
		{50CA66ED-A32A-4E9B-B1B0-F8D4850F7C4B}.AppStore|iPhoneSimulator.Deploy.0 = Release|Any CPU
		{50CA66ED-A32A-4E9B-B1B0-F8D4850F7C4B}.AppStore|x64.ActiveCfg = Release|Any CPU
		{50CA66ED-A32A-4E9B-B1B0-F8D4850F7C4B}.AppStore|x64.Build.0 = Release|Any CPU
		{50CA66ED-A32A-4E9B-B1B0-F8D4850F7C4B}.AppStore|x64.Deploy.0 = Release|Any CPU
		{50CA66ED-A32A-4E9B-B1B0-F8D4850F7C4B}.AppStore|x86.ActiveCfg = Release|Any CPU
		{50CA66ED-A32A-4E9B-B1B0-F8D4850F7C4B}.AppStore|x86.Build.0 = Release|Any CPU
		{50CA66ED-A32A-4E9B-B1B0-F8D4850F7C4B}.AppStore|x86.Deploy.0 = Release|Any CPU
		{50CA66ED-A32A-4E9B-B1B0-F8D4850F7C4B}.Debug|Any CPU.ActiveCfg = Debug|Any CPU
		{50CA66ED-A32A-4E9B-B1B0-F8D4850F7C4B}.Debug|Any CPU.Build.0 = Debug|Any CPU
		{50CA66ED-A32A-4E9B-B1B0-F8D4850F7C4B}.Debug|Any CPU.Deploy.0 = Debug|Any CPU
		{50CA66ED-A32A-4E9B-B1B0-F8D4850F7C4B}.Debug|ARM.ActiveCfg = Debug|Any CPU
		{50CA66ED-A32A-4E9B-B1B0-F8D4850F7C4B}.Debug|ARM.Build.0 = Debug|Any CPU
		{50CA66ED-A32A-4E9B-B1B0-F8D4850F7C4B}.Debug|ARM.Deploy.0 = Debug|Any CPU
		{50CA66ED-A32A-4E9B-B1B0-F8D4850F7C4B}.Debug|iPhone.ActiveCfg = Debug|Any CPU
		{50CA66ED-A32A-4E9B-B1B0-F8D4850F7C4B}.Debug|iPhone.Build.0 = Debug|Any CPU
		{50CA66ED-A32A-4E9B-B1B0-F8D4850F7C4B}.Debug|iPhone.Deploy.0 = Debug|Any CPU
		{50CA66ED-A32A-4E9B-B1B0-F8D4850F7C4B}.Debug|iPhoneSimulator.ActiveCfg = Debug|Any CPU
		{50CA66ED-A32A-4E9B-B1B0-F8D4850F7C4B}.Debug|iPhoneSimulator.Build.0 = Debug|Any CPU
		{50CA66ED-A32A-4E9B-B1B0-F8D4850F7C4B}.Debug|iPhoneSimulator.Deploy.0 = Debug|Any CPU
		{50CA66ED-A32A-4E9B-B1B0-F8D4850F7C4B}.Debug|x64.ActiveCfg = Debug|Any CPU
		{50CA66ED-A32A-4E9B-B1B0-F8D4850F7C4B}.Debug|x64.Build.0 = Debug|Any CPU
		{50CA66ED-A32A-4E9B-B1B0-F8D4850F7C4B}.Debug|x64.Deploy.0 = Debug|Any CPU
		{50CA66ED-A32A-4E9B-B1B0-F8D4850F7C4B}.Debug|x86.ActiveCfg = Debug|Any CPU
		{50CA66ED-A32A-4E9B-B1B0-F8D4850F7C4B}.Debug|x86.Build.0 = Debug|Any CPU
		{50CA66ED-A32A-4E9B-B1B0-F8D4850F7C4B}.Debug|x86.Deploy.0 = Debug|Any CPU
		{50CA66ED-A32A-4E9B-B1B0-F8D4850F7C4B}.Release|Any CPU.ActiveCfg = Release|Any CPU
		{50CA66ED-A32A-4E9B-B1B0-F8D4850F7C4B}.Release|Any CPU.Build.0 = Release|Any CPU
		{50CA66ED-A32A-4E9B-B1B0-F8D4850F7C4B}.Release|Any CPU.Deploy.0 = Release|Any CPU
		{50CA66ED-A32A-4E9B-B1B0-F8D4850F7C4B}.Release|ARM.ActiveCfg = Release|Any CPU
		{50CA66ED-A32A-4E9B-B1B0-F8D4850F7C4B}.Release|ARM.Build.0 = Release|Any CPU
		{50CA66ED-A32A-4E9B-B1B0-F8D4850F7C4B}.Release|ARM.Deploy.0 = Release|Any CPU
		{50CA66ED-A32A-4E9B-B1B0-F8D4850F7C4B}.Release|iPhone.ActiveCfg = Release|Any CPU
		{50CA66ED-A32A-4E9B-B1B0-F8D4850F7C4B}.Release|iPhone.Build.0 = Release|Any CPU
		{50CA66ED-A32A-4E9B-B1B0-F8D4850F7C4B}.Release|iPhone.Deploy.0 = Release|Any CPU
		{50CA66ED-A32A-4E9B-B1B0-F8D4850F7C4B}.Release|iPhoneSimulator.ActiveCfg = Release|Any CPU
		{50CA66ED-A32A-4E9B-B1B0-F8D4850F7C4B}.Release|iPhoneSimulator.Build.0 = Release|Any CPU
		{50CA66ED-A32A-4E9B-B1B0-F8D4850F7C4B}.Release|iPhoneSimulator.Deploy.0 = Release|Any CPU
		{50CA66ED-A32A-4E9B-B1B0-F8D4850F7C4B}.Release|x64.ActiveCfg = Release|Any CPU
		{50CA66ED-A32A-4E9B-B1B0-F8D4850F7C4B}.Release|x64.Build.0 = Release|Any CPU
		{50CA66ED-A32A-4E9B-B1B0-F8D4850F7C4B}.Release|x64.Deploy.0 = Release|Any CPU
		{50CA66ED-A32A-4E9B-B1B0-F8D4850F7C4B}.Release|x86.ActiveCfg = Release|Any CPU
		{50CA66ED-A32A-4E9B-B1B0-F8D4850F7C4B}.Release|x86.Build.0 = Release|Any CPU
		{50CA66ED-A32A-4E9B-B1B0-F8D4850F7C4B}.Release|x86.Deploy.0 = Release|Any CPU
		{D054323A-B5BE-470B-8375-A14058318D03}.Ad-Hoc|Any CPU.ActiveCfg = Ad-Hoc|iPhone
		{D054323A-B5BE-470B-8375-A14058318D03}.Ad-Hoc|ARM.ActiveCfg = Ad-Hoc|iPhone
		{D054323A-B5BE-470B-8375-A14058318D03}.Ad-Hoc|iPhone.ActiveCfg = Ad-Hoc|iPhone
		{D054323A-B5BE-470B-8375-A14058318D03}.Ad-Hoc|iPhone.Build.0 = Ad-Hoc|iPhone
		{D054323A-B5BE-470B-8375-A14058318D03}.Ad-Hoc|iPhoneSimulator.ActiveCfg = Ad-Hoc|iPhoneSimulator
		{D054323A-B5BE-470B-8375-A14058318D03}.Ad-Hoc|iPhoneSimulator.Build.0 = Ad-Hoc|iPhoneSimulator
		{D054323A-B5BE-470B-8375-A14058318D03}.Ad-Hoc|x64.ActiveCfg = Ad-Hoc|iPhone
		{D054323A-B5BE-470B-8375-A14058318D03}.Ad-Hoc|x86.ActiveCfg = Ad-Hoc|iPhone
		{D054323A-B5BE-470B-8375-A14058318D03}.AppStore|Any CPU.ActiveCfg = AppStore|iPhone
		{D054323A-B5BE-470B-8375-A14058318D03}.AppStore|ARM.ActiveCfg = AppStore|iPhone
		{D054323A-B5BE-470B-8375-A14058318D03}.AppStore|iPhone.ActiveCfg = AppStore|iPhone
		{D054323A-B5BE-470B-8375-A14058318D03}.AppStore|iPhone.Build.0 = AppStore|iPhone
		{D054323A-B5BE-470B-8375-A14058318D03}.AppStore|iPhoneSimulator.ActiveCfg = AppStore|iPhoneSimulator
		{D054323A-B5BE-470B-8375-A14058318D03}.AppStore|iPhoneSimulator.Build.0 = AppStore|iPhoneSimulator
		{D054323A-B5BE-470B-8375-A14058318D03}.AppStore|x64.ActiveCfg = AppStore|iPhone
		{D054323A-B5BE-470B-8375-A14058318D03}.AppStore|x86.ActiveCfg = AppStore|iPhone
		{D054323A-B5BE-470B-8375-A14058318D03}.Debug|Any CPU.ActiveCfg = Debug|iPhone
		{D054323A-B5BE-470B-8375-A14058318D03}.Debug|ARM.ActiveCfg = Debug|iPhone
		{D054323A-B5BE-470B-8375-A14058318D03}.Debug|iPhone.ActiveCfg = Debug|iPhone
		{D054323A-B5BE-470B-8375-A14058318D03}.Debug|iPhone.Build.0 = Debug|iPhone
		{D054323A-B5BE-470B-8375-A14058318D03}.Debug|iPhoneSimulator.ActiveCfg = Debug|iPhoneSimulator
		{D054323A-B5BE-470B-8375-A14058318D03}.Debug|iPhoneSimulator.Build.0 = Debug|iPhoneSimulator
		{D054323A-B5BE-470B-8375-A14058318D03}.Debug|x64.ActiveCfg = Debug|iPhone
		{D054323A-B5BE-470B-8375-A14058318D03}.Debug|x86.ActiveCfg = Debug|iPhone
		{D054323A-B5BE-470B-8375-A14058318D03}.Release|Any CPU.ActiveCfg = Release|iPhone
		{D054323A-B5BE-470B-8375-A14058318D03}.Release|ARM.ActiveCfg = Release|iPhone
		{D054323A-B5BE-470B-8375-A14058318D03}.Release|iPhone.ActiveCfg = Release|iPhone
		{D054323A-B5BE-470B-8375-A14058318D03}.Release|iPhone.Build.0 = Release|iPhone
		{D054323A-B5BE-470B-8375-A14058318D03}.Release|iPhoneSimulator.ActiveCfg = Release|iPhoneSimulator
		{D054323A-B5BE-470B-8375-A14058318D03}.Release|iPhoneSimulator.Build.0 = Release|iPhoneSimulator
		{D054323A-B5BE-470B-8375-A14058318D03}.Release|x64.ActiveCfg = Release|iPhone
		{D054323A-B5BE-470B-8375-A14058318D03}.Release|x86.ActiveCfg = Release|iPhone
		{CF1C6E99-82A2-4DBF-BCA5-C8DA2695E819}.Ad-Hoc|Any CPU.ActiveCfg = Release|x86
		{CF1C6E99-82A2-4DBF-BCA5-C8DA2695E819}.Ad-Hoc|Any CPU.Build.0 = Release|x86
		{CF1C6E99-82A2-4DBF-BCA5-C8DA2695E819}.Ad-Hoc|Any CPU.Deploy.0 = Release|x86
		{CF1C6E99-82A2-4DBF-BCA5-C8DA2695E819}.Ad-Hoc|ARM.ActiveCfg = Release|ARM
		{CF1C6E99-82A2-4DBF-BCA5-C8DA2695E819}.Ad-Hoc|ARM.Build.0 = Release|ARM
		{CF1C6E99-82A2-4DBF-BCA5-C8DA2695E819}.Ad-Hoc|ARM.Deploy.0 = Release|ARM
		{CF1C6E99-82A2-4DBF-BCA5-C8DA2695E819}.Ad-Hoc|iPhone.ActiveCfg = Release|x86
		{CF1C6E99-82A2-4DBF-BCA5-C8DA2695E819}.Ad-Hoc|iPhone.Build.0 = Release|x86
		{CF1C6E99-82A2-4DBF-BCA5-C8DA2695E819}.Ad-Hoc|iPhone.Deploy.0 = Release|x86
		{CF1C6E99-82A2-4DBF-BCA5-C8DA2695E819}.Ad-Hoc|iPhoneSimulator.ActiveCfg = Release|x86
		{CF1C6E99-82A2-4DBF-BCA5-C8DA2695E819}.Ad-Hoc|iPhoneSimulator.Build.0 = Release|x86
		{CF1C6E99-82A2-4DBF-BCA5-C8DA2695E819}.Ad-Hoc|iPhoneSimulator.Deploy.0 = Release|x86
		{CF1C6E99-82A2-4DBF-BCA5-C8DA2695E819}.Ad-Hoc|x64.ActiveCfg = Release|x64
		{CF1C6E99-82A2-4DBF-BCA5-C8DA2695E819}.Ad-Hoc|x64.Build.0 = Release|x64
		{CF1C6E99-82A2-4DBF-BCA5-C8DA2695E819}.Ad-Hoc|x64.Deploy.0 = Release|x64
		{CF1C6E99-82A2-4DBF-BCA5-C8DA2695E819}.Ad-Hoc|x86.ActiveCfg = Release|x86
		{CF1C6E99-82A2-4DBF-BCA5-C8DA2695E819}.Ad-Hoc|x86.Build.0 = Release|x86
		{CF1C6E99-82A2-4DBF-BCA5-C8DA2695E819}.Ad-Hoc|x86.Deploy.0 = Release|x86
		{CF1C6E99-82A2-4DBF-BCA5-C8DA2695E819}.AppStore|Any CPU.ActiveCfg = Release|x86
		{CF1C6E99-82A2-4DBF-BCA5-C8DA2695E819}.AppStore|Any CPU.Build.0 = Release|x86
		{CF1C6E99-82A2-4DBF-BCA5-C8DA2695E819}.AppStore|Any CPU.Deploy.0 = Release|x86
		{CF1C6E99-82A2-4DBF-BCA5-C8DA2695E819}.AppStore|ARM.ActiveCfg = Release|ARM
		{CF1C6E99-82A2-4DBF-BCA5-C8DA2695E819}.AppStore|ARM.Build.0 = Release|ARM
		{CF1C6E99-82A2-4DBF-BCA5-C8DA2695E819}.AppStore|ARM.Deploy.0 = Release|ARM
		{CF1C6E99-82A2-4DBF-BCA5-C8DA2695E819}.AppStore|iPhone.ActiveCfg = Release|x86
		{CF1C6E99-82A2-4DBF-BCA5-C8DA2695E819}.AppStore|iPhone.Build.0 = Release|x86
		{CF1C6E99-82A2-4DBF-BCA5-C8DA2695E819}.AppStore|iPhone.Deploy.0 = Release|x86
		{CF1C6E99-82A2-4DBF-BCA5-C8DA2695E819}.AppStore|iPhoneSimulator.ActiveCfg = Release|x86
		{CF1C6E99-82A2-4DBF-BCA5-C8DA2695E819}.AppStore|iPhoneSimulator.Build.0 = Release|x86
		{CF1C6E99-82A2-4DBF-BCA5-C8DA2695E819}.AppStore|iPhoneSimulator.Deploy.0 = Release|x86
		{CF1C6E99-82A2-4DBF-BCA5-C8DA2695E819}.AppStore|x64.ActiveCfg = Release|x64
		{CF1C6E99-82A2-4DBF-BCA5-C8DA2695E819}.AppStore|x64.Build.0 = Release|x64
		{CF1C6E99-82A2-4DBF-BCA5-C8DA2695E819}.AppStore|x64.Deploy.0 = Release|x64
		{CF1C6E99-82A2-4DBF-BCA5-C8DA2695E819}.AppStore|x86.ActiveCfg = Release|x86
		{CF1C6E99-82A2-4DBF-BCA5-C8DA2695E819}.AppStore|x86.Build.0 = Release|x86
		{CF1C6E99-82A2-4DBF-BCA5-C8DA2695E819}.AppStore|x86.Deploy.0 = Release|x86
		{CF1C6E99-82A2-4DBF-BCA5-C8DA2695E819}.Debug|Any CPU.ActiveCfg = Debug|x86
		{CF1C6E99-82A2-4DBF-BCA5-C8DA2695E819}.Debug|ARM.ActiveCfg = Debug|ARM
		{CF1C6E99-82A2-4DBF-BCA5-C8DA2695E819}.Debug|ARM.Build.0 = Debug|ARM
		{CF1C6E99-82A2-4DBF-BCA5-C8DA2695E819}.Debug|ARM.Deploy.0 = Debug|ARM
		{CF1C6E99-82A2-4DBF-BCA5-C8DA2695E819}.Debug|iPhone.ActiveCfg = Debug|x86
		{CF1C6E99-82A2-4DBF-BCA5-C8DA2695E819}.Debug|iPhoneSimulator.ActiveCfg = Debug|x86
		{CF1C6E99-82A2-4DBF-BCA5-C8DA2695E819}.Debug|x64.ActiveCfg = Debug|x64
		{CF1C6E99-82A2-4DBF-BCA5-C8DA2695E819}.Debug|x64.Build.0 = Debug|x64
		{CF1C6E99-82A2-4DBF-BCA5-C8DA2695E819}.Debug|x64.Deploy.0 = Debug|x64
		{CF1C6E99-82A2-4DBF-BCA5-C8DA2695E819}.Debug|x86.ActiveCfg = Debug|x86
		{CF1C6E99-82A2-4DBF-BCA5-C8DA2695E819}.Debug|x86.Build.0 = Debug|x86
		{CF1C6E99-82A2-4DBF-BCA5-C8DA2695E819}.Debug|x86.Deploy.0 = Debug|x86
		{CF1C6E99-82A2-4DBF-BCA5-C8DA2695E819}.Release|Any CPU.ActiveCfg = Release|x86
		{CF1C6E99-82A2-4DBF-BCA5-C8DA2695E819}.Release|ARM.ActiveCfg = Release|ARM
		{CF1C6E99-82A2-4DBF-BCA5-C8DA2695E819}.Release|ARM.Build.0 = Release|ARM
		{CF1C6E99-82A2-4DBF-BCA5-C8DA2695E819}.Release|ARM.Deploy.0 = Release|ARM
		{CF1C6E99-82A2-4DBF-BCA5-C8DA2695E819}.Release|iPhone.ActiveCfg = Release|x86
		{CF1C6E99-82A2-4DBF-BCA5-C8DA2695E819}.Release|iPhoneSimulator.ActiveCfg = Release|x86
		{CF1C6E99-82A2-4DBF-BCA5-C8DA2695E819}.Release|x64.ActiveCfg = Release|x64
		{CF1C6E99-82A2-4DBF-BCA5-C8DA2695E819}.Release|x64.Build.0 = Release|x64
		{CF1C6E99-82A2-4DBF-BCA5-C8DA2695E819}.Release|x64.Deploy.0 = Release|x64
		{CF1C6E99-82A2-4DBF-BCA5-C8DA2695E819}.Release|x86.ActiveCfg = Release|x86
		{CF1C6E99-82A2-4DBF-BCA5-C8DA2695E819}.Release|x86.Build.0 = Release|x86
		{CF1C6E99-82A2-4DBF-BCA5-C8DA2695E819}.Release|x86.Deploy.0 = Release|x86
		{1E03A825-231C-4D90-9E3D-F1E19AD06594}.Ad-Hoc|Any CPU.ActiveCfg = Debug|Any CPU
		{1E03A825-231C-4D90-9E3D-F1E19AD06594}.Ad-Hoc|Any CPU.Build.0 = Debug|Any CPU
		{1E03A825-231C-4D90-9E3D-F1E19AD06594}.Ad-Hoc|ARM.ActiveCfg = Debug|Any CPU
		{1E03A825-231C-4D90-9E3D-F1E19AD06594}.Ad-Hoc|ARM.Build.0 = Debug|Any CPU
		{1E03A825-231C-4D90-9E3D-F1E19AD06594}.Ad-Hoc|iPhone.ActiveCfg = Debug|Any CPU
		{1E03A825-231C-4D90-9E3D-F1E19AD06594}.Ad-Hoc|iPhone.Build.0 = Debug|Any CPU
		{1E03A825-231C-4D90-9E3D-F1E19AD06594}.Ad-Hoc|iPhoneSimulator.ActiveCfg = Debug|Any CPU
		{1E03A825-231C-4D90-9E3D-F1E19AD06594}.Ad-Hoc|iPhoneSimulator.Build.0 = Debug|Any CPU
		{1E03A825-231C-4D90-9E3D-F1E19AD06594}.Ad-Hoc|x64.ActiveCfg = Debug|Any CPU
		{1E03A825-231C-4D90-9E3D-F1E19AD06594}.Ad-Hoc|x64.Build.0 = Debug|Any CPU
		{1E03A825-231C-4D90-9E3D-F1E19AD06594}.Ad-Hoc|x86.ActiveCfg = Debug|Any CPU
		{1E03A825-231C-4D90-9E3D-F1E19AD06594}.Ad-Hoc|x86.Build.0 = Debug|Any CPU
		{1E03A825-231C-4D90-9E3D-F1E19AD06594}.AppStore|Any CPU.ActiveCfg = Debug|Any CPU
		{1E03A825-231C-4D90-9E3D-F1E19AD06594}.AppStore|Any CPU.Build.0 = Debug|Any CPU
		{1E03A825-231C-4D90-9E3D-F1E19AD06594}.AppStore|ARM.ActiveCfg = Debug|Any CPU
		{1E03A825-231C-4D90-9E3D-F1E19AD06594}.AppStore|ARM.Build.0 = Debug|Any CPU
		{1E03A825-231C-4D90-9E3D-F1E19AD06594}.AppStore|iPhone.ActiveCfg = Debug|Any CPU
		{1E03A825-231C-4D90-9E3D-F1E19AD06594}.AppStore|iPhone.Build.0 = Debug|Any CPU
		{1E03A825-231C-4D90-9E3D-F1E19AD06594}.AppStore|iPhoneSimulator.ActiveCfg = Debug|Any CPU
		{1E03A825-231C-4D90-9E3D-F1E19AD06594}.AppStore|iPhoneSimulator.Build.0 = Debug|Any CPU
		{1E03A825-231C-4D90-9E3D-F1E19AD06594}.AppStore|x64.ActiveCfg = Debug|Any CPU
		{1E03A825-231C-4D90-9E3D-F1E19AD06594}.AppStore|x64.Build.0 = Debug|Any CPU
		{1E03A825-231C-4D90-9E3D-F1E19AD06594}.AppStore|x86.ActiveCfg = Debug|Any CPU
		{1E03A825-231C-4D90-9E3D-F1E19AD06594}.AppStore|x86.Build.0 = Debug|Any CPU
		{1E03A825-231C-4D90-9E3D-F1E19AD06594}.Debug|Any CPU.ActiveCfg = Debug|Any CPU
		{1E03A825-231C-4D90-9E3D-F1E19AD06594}.Debug|Any CPU.Build.0 = Debug|Any CPU
		{1E03A825-231C-4D90-9E3D-F1E19AD06594}.Debug|ARM.ActiveCfg = Debug|Any CPU
		{1E03A825-231C-4D90-9E3D-F1E19AD06594}.Debug|ARM.Build.0 = Debug|Any CPU
		{1E03A825-231C-4D90-9E3D-F1E19AD06594}.Debug|iPhone.ActiveCfg = Debug|Any CPU
		{1E03A825-231C-4D90-9E3D-F1E19AD06594}.Debug|iPhone.Build.0 = Debug|Any CPU
		{1E03A825-231C-4D90-9E3D-F1E19AD06594}.Debug|iPhoneSimulator.ActiveCfg = Debug|Any CPU
		{1E03A825-231C-4D90-9E3D-F1E19AD06594}.Debug|iPhoneSimulator.Build.0 = Debug|Any CPU
		{1E03A825-231C-4D90-9E3D-F1E19AD06594}.Debug|x64.ActiveCfg = Debug|Any CPU
		{1E03A825-231C-4D90-9E3D-F1E19AD06594}.Debug|x64.Build.0 = Debug|Any CPU
		{1E03A825-231C-4D90-9E3D-F1E19AD06594}.Debug|x86.ActiveCfg = Debug|Any CPU
		{1E03A825-231C-4D90-9E3D-F1E19AD06594}.Debug|x86.Build.0 = Debug|Any CPU
		{1E03A825-231C-4D90-9E3D-F1E19AD06594}.Release|Any CPU.ActiveCfg = Release|Any CPU
		{1E03A825-231C-4D90-9E3D-F1E19AD06594}.Release|Any CPU.Build.0 = Release|Any CPU
		{1E03A825-231C-4D90-9E3D-F1E19AD06594}.Release|ARM.ActiveCfg = Release|Any CPU
		{1E03A825-231C-4D90-9E3D-F1E19AD06594}.Release|ARM.Build.0 = Release|Any CPU
		{1E03A825-231C-4D90-9E3D-F1E19AD06594}.Release|iPhone.ActiveCfg = Release|Any CPU
		{1E03A825-231C-4D90-9E3D-F1E19AD06594}.Release|iPhone.Build.0 = Release|Any CPU
		{1E03A825-231C-4D90-9E3D-F1E19AD06594}.Release|iPhoneSimulator.ActiveCfg = Release|Any CPU
		{1E03A825-231C-4D90-9E3D-F1E19AD06594}.Release|iPhoneSimulator.Build.0 = Release|Any CPU
		{1E03A825-231C-4D90-9E3D-F1E19AD06594}.Release|x64.ActiveCfg = Release|Any CPU
		{1E03A825-231C-4D90-9E3D-F1E19AD06594}.Release|x64.Build.0 = Release|Any CPU
		{1E03A825-231C-4D90-9E3D-F1E19AD06594}.Release|x86.ActiveCfg = Release|Any CPU
		{1E03A825-231C-4D90-9E3D-F1E19AD06594}.Release|x86.Build.0 = Release|Any CPU
	EndGlobalSection
	GlobalSection(SolutionProperties) = preSolution
		HideSolutionNode = FALSE
	EndGlobalSection
	GlobalSection(ExtensibilityGlobals) = postSolution
		SolutionGuid = {8A961E52-FFAE-45B6-9706-6013F121A35B}
	EndGlobalSection
EndGlobal
