
Microsoft Visual Studio Solution File, Format Version 12.00
# Visual Studio 15
VisualStudioVersion = 15.0.28010.2041
MinimumVisualStudioVersion = 10.0.40219.1
Project("{FAE04EC0-301F-11D3-BF4B-00C04F79EFBC}") = "Fluxamarin", "Fluxamarin\Fluxamarin.csproj", "{F34463B2-0249-483B-A4BE-6E9D1EB41531}"
EndProject
Global
	GlobalSection(SolutionConfigurationPlatforms) = preSolution
		Debug|Any CPU = Debug|Any CPU
		Release|Any CPU = Release|Any CPU
	EndGlobalSection
	GlobalSection(ProjectConfigurationPlatforms) = postSolution
		{F34463B2-0249-483B-A4BE-6E9D1EB41531}.Debug|Any CPU.ActiveCfg = Debug|Any CPU
		{F34463B2-0249-483B-A4BE-6E9D1EB41531}.Debug|Any CPU.Build.0 = Debug|Any CPU
		{F34463B2-0249-483B-A4BE-6E9D1EB41531}.Release|Any CPU.ActiveCfg = Release|Any CPU
		{F34463B2-0249-483B-A4BE-6E9D1EB41531}.Release|Any CPU.Build.0 = Release|Any CPU
	EndGlobalSection
	GlobalSection(SolutionProperties) = preSolution
		HideSolutionNode = FALSE
	EndGlobalSection
	GlobalSection(ExtensibilityGlobals) = postSolution
		SolutionGuid = {8A961E52-FFAE-45B6-9706-6013F121A35B}
	EndGlobalSection
EndGlobal
